
Microsoft Visual Studio Solution File, Format Version 12.00
# Visual Studio Version 17
VisualStudioVersion = 17.8.34330.188
MinimumVisualStudioVersion = 10.0.40219.1
Project("{FAE04EC0-301F-11D3-BF4B-00C04F79EFBC}") = "UsporedbaXML_Datoteka", "UsporedbaXML_Datoteka\UsporedbaXML_Datoteka.csproj", "{90BF68B8-E663-437B-9030-1179DD800D76}"
EndProject
Global
	GlobalSection(SolutionConfigurationPlatforms) = preSolution
		Debug|Any CPU = Debug|Any CPU
		Release|Any CPU = Release|Any CPU
	EndGlobalSection
	GlobalSection(ProjectConfigurationPlatforms) = postSolution
		{90BF68B8-E663-437B-9030-1179DD800D76}.Debug|Any CPU.ActiveCfg = Debug|Any CPU
		{90BF68B8-E663-437B-9030-1179DD800D76}.Debug|Any CPU.Build.0 = Debug|Any CPU
		{90BF68B8-E663-437B-9030-1179DD800D76}.Release|Any CPU.ActiveCfg = Release|Any CPU
		{90BF68B8-E663-437B-9030-1179DD800D76}.Release|Any CPU.Build.0 = Release|Any CPU
	EndGlobalSection
	GlobalSection(SolutionProperties) = preSolution
		HideSolutionNode = FALSE
	EndGlobalSection
	GlobalSection(ExtensibilityGlobals) = postSolution
		SolutionGuid = {F890824E-BD24-4D85-881C-E14B9E040BB3}
	EndGlobalSection
EndGlobal
